
Microsoft Visual Studio Solution File, Format Version 12.00
# Visual Studio Version 16
VisualStudioVersion = 16.0.32228.343
MinimumVisualStudioVersion = 10.0.40219.1
Project("{FAE04EC0-301F-11D3-BF4B-00C04F79EFBC}") = "ConsoleApp1", "ConsoleApp1\ConsoleApp1.csproj", "{F3DA4581-8ECB-4D30-8B77-D8D76E3386CA}"
EndProject
Global
	GlobalSection(SolutionConfigurationPlatforms) = preSolution
		Debug|Any CPU = Debug|Any CPU
		Release|Any CPU = Release|Any CPU
	EndGlobalSection
	GlobalSection(ProjectConfigurationPlatforms) = postSolution
		{F3DA4581-8ECB-4D30-8B77-D8D76E3386CA}.Debug|Any CPU.ActiveCfg = Debug|Any CPU
		{F3DA4581-8ECB-4D30-8B77-D8D76E3386CA}.Debug|Any CPU.Build.0 = Debug|Any CPU
		{F3DA4581-8ECB-4D30-8B77-D8D76E3386CA}.Release|Any CPU.ActiveCfg = Release|Any CPU
		{F3DA4581-8ECB-4D30-8B77-D8D76E3386CA}.Release|Any CPU.Build.0 = Release|Any CPU
	EndGlobalSection
	GlobalSection(SolutionProperties) = preSolution
		HideSolutionNode = FALSE
	EndGlobalSection
	GlobalSection(ExtensibilityGlobals) = postSolution
		SolutionGuid = {6EE9636E-AF11-43AB-A795-74FF3DB2A02B}
	EndGlobalSection
EndGlobal
